
Microsoft Visual Studio Solution File, Format Version 12.00
# Visual Studio Version 17
VisualStudioVersion = 17.2.32616.157
MinimumVisualStudioVersion = 10.0.40219.1
Project("{9A19103F-16F7-4668-BE54-9A1E7A4F7556}") = "SampleImageWatermark", "SampleImageWatermark.csproj", "{8860E787-D810-4884-B202-CE925CB2BF8A}"
EndProject
Project("{54435603-DBB4-11D2-8724-00A0C9A8B90C}") = "WatermarkApp", "..\WatermarkApp\WatermarkApp.vdproj", "{1996996B-1982-4041-B285-256698267546}"
EndProject
Global
	GlobalSection(SolutionConfigurationPlatforms) = preSolution
		Debug|Any CPU = Debug|Any CPU
		Release|Any CPU = Release|Any CPU
	EndGlobalSection
	GlobalSection(ProjectConfigurationPlatforms) = postSolution
		{8860E787-D810-4884-B202-CE925CB2BF8A}.Debug|Any CPU.ActiveCfg = Release|Any CPU
		{8860E787-D810-4884-B202-CE925CB2BF8A}.Debug|Any CPU.Build.0 = Release|Any CPU
		{8860E787-D810-4884-B202-CE925CB2BF8A}.Release|Any CPU.ActiveCfg = Release|Any CPU
		{8860E787-D810-4884-B202-CE925CB2BF8A}.Release|Any CPU.Build.0 = Release|Any CPU
		{1996996B-1982-4041-B285-256698267546}.Debug|Any CPU.ActiveCfg = Debug
		{1996996B-1982-4041-B285-256698267546}.Release|Any CPU.ActiveCfg = Release
	EndGlobalSection
	GlobalSection(SolutionProperties) = preSolution
		HideSolutionNode = FALSE
	EndGlobalSection
	GlobalSection(ExtensibilityGlobals) = postSolution
		SolutionGuid = {B51CCC7E-73F6-4496-9B13-1A6C49D10A06}
	EndGlobalSection
EndGlobal
